{
  "requires": true,
  "lockfileVersion": 1,
  "dependencies": {
    "@types/chroma-js": {
      "version": "1.4.1",
      "resolved": "https://registry.npmjs.org/@types/chroma-js/-/chroma-js-1.4.1.tgz",
      "integrity": "sha512-i9hUiO3bwgmzZUDwBuR65WqsBQ/nwN+H2fKX0bykXCdd8cFQEuIj8vI7FXjyb2f5z5h+pv76I/uakikKSgaqTA=="
    }
  }
}
